# This file is automatically @generated by Poetry and should not be changed by hand.

[[package]]
name = "pangea-sdk"
version = "1.8.0"
description = "Pangea API SDK"
category = "main"
optional = false
python-versions = "*"
files = []
develop = true

[package.source]
type = "directory"
url = "../../packages/pangea-sdk"

[metadata]
lock-version = "2.0"
python-versions = "^3.7.2"
content-hash = "d17409a9bbbaf978cc79453b7f24fa9f92b2d1b3fae103d05cb92d43b3c3e984"
