# This file is automatically @generated by Poetry and should not be changed by hand.

[[package]]
name = "pangea-sdk"
version = "1.7.0"
description = "Pangea API SDK"
category = "main"
optional = false
python-versions = "*"
files = []
develop = true

[package.source]
type = "directory"
url = "../../packages/pangea-sdk"

[metadata]
lock-version = "2.0"
python-versions = "^3.7.2"
content-hash = "601940a52f947228f5aec3fb8ecaab0b619fdf618be3ba1b6b9e8d11cf04aacc"
